Microsoft Visual Studio Solution File, Format Version 12.00
# Visual Studio Version 17
VisualStudioVersion = 17.5.2.0
MinimumVisualStudioVersion = 10.0.40219.1
Project("{FAE04EC0-301F-11D3-BF4B-00C04F79EFBC}") = "InfluxDBApp", "InfluxDBApp.csproj", "{14C7858C-BA2F-748D-C852-D23EE19CFD68}"
EndProject
Global
	GlobalSection(SolutionConfigurationPlatforms) = preSolution
		Debug|Any CPU = Debug|Any CPU
		Release|Any CPU = Release|Any CPU
	EndGlobalSection
	GlobalSection(ProjectConfigurationPlatforms) = postSolution
		{14C7858C-BA2F-748D-C852-D23EE19CFD68}.Debug|Any CPU.ActiveCfg = Debug|Any CPU
		{14C7858C-BA2F-748D-C852-D23EE19CFD68}.Debug|Any CPU.Build.0 = Debug|Any CPU
		{14C7858C-BA2F-748D-C852-D23EE19CFD68}.Release|Any CPU.ActiveCfg = Release|Any CPU
		{14C7858C-BA2F-748D-C852-D23EE19CFD68}.Release|Any CPU.Build.0 = Release|Any CPU
	EndGlobalSection
	GlobalSection(SolutionProperties) = preSolution
		HideSolutionNode = FALSE
	EndGlobalSection
	GlobalSection(ExtensibilityGlobals) = postSolution
		SolutionGuid = {170827CB-4E71-4348-BB40-744263386FBF}
	EndGlobalSection
EndGlobal
